// !$*UTF8*$!
{
	archiveVersion = 1;
	classes = {
	};
	objectVersion = 56;
	objects = {

/* Begin PBXBuildFile section */
		2D2A13DE2AF9289800B30E2F /* AppDelegate.swift in Sources */ = {isa = PBXBuildFile; fileRef = 2D2A13DD2AF9289800B30E2F /* AppDelegate.swift */; };
		2D2A13E02AF9289800B30E2F /* SceneDelegate.swift in Sources */ = {isa = PBXBuildFile; fileRef = 2D2A13DF2AF9289800B30E2F /* SceneDelegate.swift */; };
		2D2A13E52AF9289800B30E2F /* Main.storyboard in Resources */ = {isa = PBXBuildFile; fileRef = 2D2A13E32AF9289800B30E2F /* Main.storyboard */; };
		2D2A13E72AF9289C00B30E2F /* Assets.xcassets in Resources */ = {isa = PBXBuildFile; fileRef = 2D2A13E62AF9289C00B30E2F /* Assets.xcassets */; };
		2D2A13EA2AF9289C00B30E2F /* LaunchScreen.storyboard in Resources */ = {isa = PBXBuildFile; fileRef = 2D2A13E82AF9289C00B30E2F /* LaunchScreen.storyboard */; };
		2D5A90B92AFD12EF002BDC24 /* ViewController.swift in Sources */ = {isa = PBXBuildFile; fileRef = 2D5A90B82AFD12EE002BDC24 /* ViewController.swift */; };
		2DFBAE142AFD324D00554BE7 /* Realm in Frameworks */ = {isa = PBXBuildFile; productRef = 2DFBAE132AFD324D00554BE7 /* Realm */; };
		2DFBAE162AFD324D00554BE7 /* RealmSwift in Frameworks */ = {isa = PBXBuildFile; productRef = 2DFBAE152AFD324D00554BE7 /* RealmSwift */; };
/* End PBXBuildFile section */

/* Begin PBXContainerItemProxy section */
		2D2A13F12AF9289D00B30E2F /* PBXContainerItemProxy */ = {
			isa = PBXContainerItemProxy;
			containerPortal = 2D2A13D22AF9289700B30E2F /* Project object */;
			proxyType = 1;
			remoteGlobalIDString = 2D2A13D92AF9289800B30E2F;
			remoteInfo = Seoyoun;
		};
		2D2A13FB2AF9289D00B30E2F /* PBXContainerItemProxy */ = {
			isa = PBXContainerItemProxy;
			containerPortal = 2D2A13D22AF9289700B30E2F /* Project object */;
			proxyType = 1;
			remoteGlobalIDString = 2D2A13D92AF9289800B30E2F;
			remoteInfo = Seoyoun;
		};
/* End PBXContainerItemProxy section */

/* Begin PBXFileReference section */
		2D2A13DA2AF9289800B30E2F /* Seoyoun.app */ = {isa = PBXFileReference; explicitFileType = wrapper.application; includeInIndex = 0; path = Seoyoun.app; sourceTree = BUILT_PRODUCTS_DIR; };
		2D2A13DD2AF9289800B30E2F /* AppDelegate.swift */ = {isa = PBXFileReference; lastKnownFileType = sourcecode.swift; path = AppDelegate.swift; sourceTree = "<group>"; };
		2D2A13DF2AF9289800B30E2F /* SceneDelegate.swift */ = {isa = PBXFileReference; lastKnownFileType = sourcecode.swift; path = SceneDelegate.swift; sourceTree = "<group>"; };
		2D2A13E42AF9289800B30E2F /* Base */ = {isa = PBXFileReference; lastKnownFileType = file.storyboard; name = Base; path = Base.lproj/Main.storyboard; sourceTree = "<group>"; };
		2D2A13E62AF9289C00B30E2F /* Assets.xcassets */ = {isa = PBXFileReference; lastKnownFileType = folder.assetcatalog; path = Assets.xcassets; sourceTree = "<group>"; };
		2D2A13E92AF9289C00B30E2F /* Base */ = {isa = PBXFileReference; lastKnownFileType = file.storyboard; name = Base; path = Base.lproj/LaunchScreen.storyboard; sourceTree = "<group>"; };
		2D2A13EB2AF9289C00B30E2F /* Info.plist */ = {isa = PBXFileReference; lastKnownFileType = text.plist.xml; path = Info.plist; sourceTree = "<group>"; };
		2D2A13F02AF9289D00B30E2F /* SeoyounTests.xctest */ = {isa = PBXFileReference; explicitFileType = wrapper.cfbundle; includeInIndex = 0; path = SeoyounTests.xctest; sourceTree = BUILT_PRODUCTS_DIR; };
		2D2A13FA2AF9289D00B30E2F /* SeoyounUITests.xctest */ = {isa = PBXFileReference; explicitFileType = wrapper.cfbundle; includeInIndex = 0; path = SeoyounUITests.xctest; sourceTree = BUILT_PRODUCTS_DIR; };
		2D5A90B82AFD12EE002BDC24 /* ViewController.swift */ = {isa = PBXFileReference; lastKnownFileType = sourcecode.swift; name = ViewController.swift; path = ../ViewController.swift; sourceTree = "<group>"; };
/* End PBXFileReference section */

/* Begin PBXFrameworksBuildPhase section */
		2D2A13D72AF9289800B30E2F /* Frameworks */ = {
			isa = PBXFrameworksBuildPhase;
			buildActionMask = 2147483647;
			files = (
				2DFBAE162AFD324D00554BE7 /* RealmSwift in Frameworks */,
				2DFBAE142AFD324D00554BE7 /* Realm in Frameworks */,
			);
			runOnlyForDeploymentPostprocessing = 0;
		};
		2D2A13ED2AF9289D00B30E2F /* Frameworks */ = {
			isa = PBXFrameworksBuildPhase;
			buildActionMask = 2147483647;
			files = (
			);
			runOnlyForDeploymentPostprocessing = 0;
		};
		2D2A13F72AF9289D00B30E2F /* Frameworks */ = {
			isa = PBXFrameworksBuildPhase;
			buildActionMask = 2147483647;
			files = (
			);
			runOnlyForDeploymentPostprocessing = 0;
		};
/* End PBXFrameworksBuildPhase section */

/* Begin PBXGroup section */
		2D2A13D12AF9289700B30E2F = {
			isa = PBXGroup;
			children = (
				2D2A13DC2AF9289800B30E2F /* Seoyoun */,
				2D2A13DB2AF9289800B30E2F /* Products */,
			);
			sourceTree = "<group>";
		};
		2D2A13DB2AF9289800B30E2F /* Products */ = {
			isa = PBXGroup;
			children = (
				2D2A13DA2AF9289800B30E2F /* Seoyoun.app */,
				2D2A13F02AF9289D00B30E2F /* SeoyounTests.xctest */,
				2D2A13FA2AF9289D00B30E2F /* SeoyounUITests.xctest */,
			);
			name = Products;
			sourceTree = "<group>";
		};
		2D2A13DC2AF9289800B30E2F /* Seoyoun */ = {
			isa = PBXGroup;
			children = (
				2D2A13DD2AF9289800B30E2F /* AppDelegate.swift */,
				2D2A13DF2AF9289800B30E2F /* SceneDelegate.swift */,
				2D5A90B82AFD12EE002BDC24 /* ViewController.swift */,
				2D2A13E32AF9289800B30E2F /* Main.storyboard */,
				2D2A13E62AF9289C00B30E2F /* Assets.xcassets */,
				2D2A13E82AF9289C00B30E2F /* LaunchScreen.storyboard */,
				2D2A13EB2AF9289C00B30E2F /* Info.plist */,
			);
			path = Seoyoun;
			sourceTree = "<group>";
		};
/* End PBXGroup section */

/* Begin PBXNativeTarget section */
		2D2A13D92AF9289800B30E2F /* Seoyoun */ = {
			isa = PBXNativeTarget;
			buildConfigurationList = 2D2A14042AF9289D00B30E2F /* Build configuration list for PBXNativeTarget "Seoyoun" */;
			buildPhases = (
				2D2A13D62AF9289800B30E2F /* Sources */,
				2D2A13D72AF9289800B30E2F /* Frameworks */,
				2D2A13D82AF9289800B30E2F /* Resources */,
			);
			buildRules = (
			);
			dependencies = (
			);
			name = Seoyoun;
			packageProductDependencies = (
				2DFBAE132AFD324D00554BE7 /* Realm */,
				2DFBAE152AFD324D00554BE7 /* RealmSwift */,
			);
			productName = Seoyoun;
			productReference = 2D2A13DA2AF9289800B30E2F /* Seoyoun.app */;
			productType = "com.apple.product-type.application";
		};
		2D2A13EF2AF9289D00B30E2F /* SeoyounTests */ = {
			isa = PBXNativeTarget;
			buildConfigurationList = 2D2A14072AF9289D00B30E2F /* Build configuration list for PBXNativeTarget "SeoyounTests" */;
			buildPhases = (
				2D2A13EC2AF9289D00B30E2F /* Sources */,
				2D2A13ED2AF9289D00B30E2F /* Frameworks */,
				2D2A13EE2AF9289D00B30E2F /* Resources */,
			);
			buildRules = (
			);
			dependencies = (
				2D2A13F22AF9289D00B30E2F /* PBXTargetDependency */,
			);
			name = SeoyounTests;
			productName = SeoyounTests;
			productReference = 2D2A13F02AF9289D00B30E2F /* SeoyounTests.xctest */;
			productType = "com.apple.product-type.bundle.unit-test";
		};
		2D2A13F92AF9289D00B30E2F /* SeoyounUITests */ = {
			isa = PBXNativeTarget;
			buildConfigurationList = 2D2A140A2AF9289D00B30E2F /* Build configuration list for PBXNativeTarget "SeoyounUITests" */;
			buildPhases = (
				2D2A13F62AF9289D00B30E2F /* Sources */,
				2D2A13F72AF9289D00B30E2F /* Frameworks */,
				2D2A13F82AF9289D00B30E2F /* Resources */,
			);
			buildRules = (
			);
			dependencies = (
				2D2A13FC2AF9289D00B30E2F /* PBXTargetDependency */,
			);
			name = SeoyounUITests;
			productName = SeoyounUITests;
			productReference = 2D2A13FA2AF9289D00B30E2F /* SeoyounUITests.xctest */;
			productType = "com.apple.product-type.bundle.ui-testing";
		};
/* End PBXNativeTarget section */

/* Begin PBXProject section */
		2D2A13D22AF9289700B30E2F /* Project object */ = {
			isa = PBXProject;
			attributes = {
				BuildIndependentTargetsInParallel = 1;
				LastSwiftUpdateCheck = 1500;
				LastUpgradeCheck = 1500;
				TargetAttributes = {
					2D2A13D92AF9289800B30E2F = {
						CreatedOnToolsVersion = 15.0.1;
					};
					2D2A13EF2AF9289D00B30E2F = {
						CreatedOnToolsVersion = 15.0.1;
						TestTargetID = 2D2A13D92AF9289800B30E2F;
					};
					2D2A13F92AF9289D00B30E2F = {
						CreatedOnToolsVersion = 15.0.1;
						TestTargetID = 2D2A13D92AF9289800B30E2F;
					};
				};
			};
			buildConfigurationList = 2D2A13D52AF9289700B30E2F /* Build configuration list for PBXProject "Seoyoun" */;
			compatibilityVersion = "Xcode 14.0";
			developmentRegion = en;
			hasScannedForEncodings = 0;
			knownRegions = (
				en,
				Base,
			);
			mainGroup = 2D2A13D12AF9289700B30E2F;
			packageReferences = (
				2DFBAE122AFD324D00554BE7 /* XCRemoteSwiftPackageReference "realm-swift" */,
			);
			productRefGroup = 2D2A13DB2AF9289800B30E2F /* Products */;
			projectDirPath = "";
			projectRoot = "";
			targets = (
				2D2A13D92AF9289800B30E2F /* Seoyoun */,
				2D2A13EF2AF9289D00B30E2F /* SeoyounTests */,
				2D2A13F92AF9289D00B30E2F /* SeoyounUITests */,
			);
		};
/* End PBXProject section */

/* Begin PBXResourcesBuildPhase section */
		2D2A13D82AF9289800B30E2F /* Resources */ = {
			isa = PBXResourcesBuildPhase;
			buildActionMask = 2147483647;
			files = (
				2D2A13EA2AF9289C00B30E2F /* LaunchScreen.storyboard in Resources */,
				2D2A13E72AF9289C00B30E2F /* Assets.xcassets in Resources */,
				2D2A13E52AF9289800B30E2F /* Main.storyboard in Resources */,
			);
			runOnlyForDeploymentPostprocessing = 0;
		};
		2D2A13EE2AF9289D00B30E2F /* Resources */ = {
			isa = PBXResourcesBuildPhase;
			buildActionMask = 2147483647;
			files = (
			);
			runOnlyForDeploymentPostprocessing = 0;
		};
		2D2A13F82AF9289D00B30E2F /* Resources */ = {
			isa = PBXResourcesBuildPhase;
			buildActionMask = 2147483647;
			files = (
			);
			runOnlyForDeploymentPostprocessing = 0;
		};
/* End PBXResourcesBuildPhase section */

/* Begin PBXSourcesBuildPhase section */
		2D2A13D62AF9289800B30E2F /* Sources */ = {
			isa = PBXSourcesBuildPhase;
			buildActionMask = 2147483647;
			files = (
				2D2A13DE2AF9289800B30E2F /* AppDelegate.swift in Sources */,
				2D5A90B92AFD12EF002BDC24 /* ViewController.swift in Sources */,
				2D2A13E02AF9289800B30E2F /* SceneDelegate.swift in Sources */,
			);
			runOnlyForDeploymentPostprocessing = 0;
		};
		2D2A13EC2AF9289D00B30E2F /* Sources */ = {
			isa = PBXSourcesBuildPhase;
			buildActionMask = 2147483647;
			files = (
			);
			runOnlyForDeploymentPostprocessing = 0;
		};
		2D2A13F62AF9289D00B30E2F /* Sources */ = {
			isa = PBXSourcesBuildPhase;
			buildActionMask = 2147483647;
			files = (
			);
			runOnlyForDeploymentPostprocessing = 0;
		};
/* End PBXSourcesBuildPhase section */

/* Begin PBXTargetDependency section */
		2D2A13F22AF9289D00B30E2F /* PBXTargetDependency */ = {
			isa = PBXTargetDependency;
			target = 2D2A13D92AF9289800B30E2F /* Seoyoun */;
			targetProxy = 2D2A13F12AF9289D00B30E2F /* PBXContainerItemProxy */;
		};
		2D2A13FC2AF9289D00B30E2F /* PBXTargetDependency */ = {
			isa = PBXTargetDependency;
			target = 2D2A13D92AF9289800B30E2F /* Seoyoun */;
			targetProxy = 2D2A13FB2AF9289D00B30E2F /* PBXContainerItemProxy */;
		};
/* End PBXTargetDependency section */

/* Begin PBXVariantGroup section */
		2D2A13E32AF9289800B30E2F /* Main.storyboard */ = {
			isa = PBXVariantGroup;
			children = (
				2D2A13E42AF9289800B30E2F /* Base */,
			);
			name = Main.storyboard;
			sourceTree = "<group>";
		};
		2D2A13E82AF9289C00B30E2F /* LaunchScreen.storyboard */ = {
			isa = PBXVariantGroup;
			children = (
				2D2A13E92AF9289C00B30E2F /* Base */,
			);
			name = LaunchScreen.storyboard;
			sourceTree = "<group>";
		};
/* End PBXVariantGroup section */

/* Begin XCBuildConfiguration section */
		2D2A14022AF9289D00B30E2F /* Debug */ = {
			isa = XCBuildConfiguration;
			buildSettings = {
				ALWAYS_SEARCH_USER_PATHS = NO;
				ASSETCATALOG_COMPILER_GENERATE_SWIFT_ASSET_SYMBOL_EXTENSIONS = YES;
				CLANG_ANALYZER_NONNULL = YES;
				CLANG_ANALYZER_NUMBER_OBJECT_CONVERSION = YES_AGGRESSIVE;
				CLANG_CXX_LANGUAGE_STANDARD = "gnu++20";
				CLANG_ENABLE_MODULES = YES;
				CLANG_ENABLE_OBJC_ARC = YES;
				CLANG_ENABLE_OBJC_WEAK = YES;
				CLANG_WARN_BLOCK_CAPTURE_AUTORELEASING = YES;
				CLANG_WARN_BOOL_CONVERSION = YES;
				CLANG_WARN_COMMA = YES;
				CLANG_WARN_CONSTANT_CONVERSION = YES;
				CLANG_WARN_DEPRECATED_OBJC_IMPLEMENTATIONS = YES;
				CLANG_WARN_DIRECT_OBJC_ISA_USAGE = YES_ERROR;
				CLANG_WARN_DOCUMENTATION_COMMENTS = YES;
				CLANG_WARN_EMPTY_BODY = YES;
				CLANG_WARN_ENUM_CONVERSION = YES;
				CLANG_WARN_INFINITE_RECURSION = YES;
				CLANG_WARN_INT_CONVERSION = YES;
				CLANG_WARN_NON_LITERAL_NULL_CONVERSION = YES;
				CLANG_WARN_OBJC_IMPLICIT_RETAIN_SELF = YES;
				CLANG_WARN_OBJC_LITERAL_CONVERSION = YES;
				CLANG_WARN_OBJC_ROOT_CLASS = YES_ERROR;
				CLANG_WARN_QUOTED_INCLUDE_IN_FRAMEWORK_HEADER = YES;
				CLANG_WARN_RANGE_LOOP_ANALYSIS = YES;
				CLANG_WARN_STRICT_PROTOTYPES = YES;
				CLANG_WARN_SUSPICIOUS_MOVE = YES;
				CLANG_WARN_UNGUARDED_AVAILABILITY = YES_AGGRESSIVE;
				CLANG_WARN_UNREACHABLE_CODE = YES;
				CLANG_WARN__DUPLICATE_METHOD_MATCH = YES;
				COPY_PHASE_STRIP = NO;
				DEBUG_INFORMATION_FORMAT = dwarf;
				ENABLE_STRICT_OBJC_MSGSEND = YES;
				ENABLE_TESTABILITY = YES;
				ENABLE_USER_SCRIPT_SANDBOXING = YES;
				GCC_C_LANGUAGE_STANDARD = gnu17;
				GCC_DYNAMIC_NO_PIC = NO;
				GCC_NO_COMMON_BLOCKS = YES;
				GCC_OPTIMIZATION_LEVEL = 0;
				GCC_PREPROCESSOR_DEFINITIONS = (
					"DEBUG=1",
					"$(inherited)",
				);
				GCC_WARN_64_TO_32_BIT_CONVERSION = YES;
				GCC_WARN_ABOUT_RETURN_TYPE = YES_ERROR;
				GCC_WARN_UNDECLARED_SELECTOR = YES;
				GCC_WARN_UNINITIALIZED_AUTOS = YES_AGGRESSIVE;
				GCC_WARN_UNUSED_FUNCTION = YES;
				GCC_WARN_UNUSED_VARIABLE = YES;
				IPHONEOS_DEPLOYMENT_TARGET = 17.0;
				LOCALIZATION_PREFERS_STRING_CATALOGS = YES;
				MTL_ENABLE_DEBUG_INFO = INCLUDE_SOURCE;
				MTL_FAST_MATH = YES;
				ONLY_ACTIVE_ARCH = YES;
				SDKROOT = iphoneos;
				SWIFT_ACTIVE_COMPILATION_CONDITIONS = "DEBUG $(inherited)";
				SWIFT_OPTIMIZATION_LEVEL = "-Onone";
			};
			name = Debug;
		};
		2D2A14032AF9289D00B30E2F /* Release */ = {
			isa = XCBuildConfiguration;
			buildSettings = {
				ALWAYS_SEARCH_USER_PATHS = NO;
				ASSETCATALOG_COMPILER_GENERATE_SWIFT_ASSET_SYMBOL_EXTENSIONS = YES;
				CLANG_ANALYZER_NONNULL = YES;
				CLANG_ANALYZER_NUMBER_OBJECT_CONVERSION = YES_AGGRESSIVE;
				CLANG_CXX_LANGUAGE_STANDARD = "gnu++20";
				CLANG_ENABLE_MODULES = YES;
				CLANG_ENABLE_OBJC_ARC = YES;
				CLANG_ENABLE_OBJC_WEAK = YES;
				CLANG_WARN_BLOCK_CAPTURE_AUTORELEASING = YES;
				CLANG_WARN_BOOL_CONVERSION = YES;
				CLANG_WARN_COMMA = YES;
				CLANG_WARN_CONSTANT_CONVERSION = YES;
				CLANG_WARN_DEPRECATED_OBJC_IMPLEMENTATIONS = YES;
				CLANG_WARN_DIRECT_OBJC_ISA_USAGE = YES_ERROR;
				CLANG_WARN_DOCUMENTATION_COMMENTS = YES;
				CLANG_WARN_EMPTY_BODY = YES;
				CLANG_WARN_ENUM_CONVERSION = YES;
				CLANG_WARN_INFINITE_RECURSION = YES;
				CLANG_WARN_INT_CONVERSION = YES;
				CLANG_WARN_NON_LITERAL_NULL_CONVERSION = YES;
				CLANG_WARN_OBJC_IMPLICIT_RETAIN_SELF = YES;
				CLANG_WARN_OBJC_LITERAL_CONVERSION = YES;
				CLANG_WARN_OBJC_ROOT_CLASS = YES_ERROR;
				CLANG_WARN_QUOTED_INCLUDE_IN_FRAMEWORK_HEADER = YES;
				CLANG_WARN_RANGE_LOOP_ANALYSIS = YES;
				CLANG_WARN_STRICT_PROTOTYPES = YES;
				CLANG_WARN_SUSPICIOUS_MOVE = YES;
				CLANG_WARN_UNGUARDED_AVAILABILITY = YES_AGGRESSIVE;
				CLANG_WARN_UNREACHABLE_CODE = YES;
				CLANG_WARN__DUPLICATE_METHOD_MATCH = YES;
				COPY_PHASE_STRIP = NO;
				DEBUG_INFORMATION_FORMAT = "dwarf-with-dsym";
				ENABLE_NS_ASSERTIONS = NO;
				ENABLE_STRICT_OBJC_MSGSEND = YES;
				ENABLE_USER_SCRIPT_SANDBOXING = YES;
				GCC_C_LANGUAGE_STANDARD = gnu17;
				GCC_NO_COMMON_BLOCKS = YES;
				GCC_WARN_64_TO_32_BIT_CONVERSION = YES;
				GCC_WARN_ABOUT_RETURN_TYPE = YES_ERROR;
				GCC_WARN_UNDECLARED_SELECTOR = YES;
				GCC_WARN_UNINITIALIZED_AUTOS = YES_AGGRESSIVE;
				GCC_WARN_UNUSED_FUNCTION = YES;
				GCC_WARN_UNUSED_VARIABLE = YES;
				IPHONEOS_DEPLOYMENT_TARGET = 17.0;
				LOCALIZATION_PREFERS_STRING_CATALOGS = YES;
				MTL_ENABLE_DEBUG_INFO = NO;
				MTL_FAST_MATH = YES;
				SDKROOT = iphoneos;
				SWIFT_COMPILATION_MODE = wholemodule;
				VALIDATE_PRODUCT = YES;
			};
			name = Release;
		};
		2D2A14052AF9289D00B30E2F /* Debug */ = {
			isa = XCBuildConfiguration;
			buildSettings = {
				ASSETCATALOG_COMPILER_APPICON_NAME = AppIcon;
				ASSETCATALOG_COMPILER_GLOBAL_ACCENT_COLOR_NAME = AccentColor;
				CODE_SIGN_STYLE = Automatic;
				CURRENT_PROJECT_VERSION = 1;
				DEVELOPMENT_TEAM = SLV7MTH64H;
				GENERATE_INFOPLIST_FILE = YES;
				INFOPLIST_FILE = Seoyoun/Info.plist;
				INFOPLIST_KEY_UIApplicationSupportsIndirectInputEvents = YES;
				INFOPLIST_KEY_UILaunchStoryboardName = LaunchScreen;
				INFOPLIST_KEY_UIMainStoryboardFile = Main;
				INFOPLIST_KEY_UISupportedInterfaceOrientations_iPad = "UIInterfaceOrientationPortrait UIInterfaceOrientationPortraitUpsideDown UIInterfaceOrientationLandscapeLeft UIInterfaceOrientationLandscapeRight";
				INFOPLIST_KEY_UISupportedInterfaceOrientations_iPhone = "UIInterfaceOrientationPortrait UIInterfaceOrientationLandscapeLeft UIInterfaceOrientationLandscapeRight";
				LD_RUNPATH_SEARCH_PATHS = (
					"$(inherited)",
					"@executable_path/Frameworks",
				);
				MARKETING_VERSION = 1.0;
				PRODUCT_BUNDLE_IDENTIFIER = Seoyoun.Seoyoun;
				PRODUCT_NAME = "$(TARGET_NAME)";
				SWIFT_EMIT_LOC_STRINGS = YES;
				SWIFT_VERSION = 5.0;
				TARGETED_DEVICE_FAMILY = "1,2";
			};
			name = Debug;
		};
		2D2A14062AF9289D00B30E2F /* Release */ = {
			isa = XCBuildConfiguration;
			buildSettings = {
				ASSETCATALOG_COMPILER_APPICON_NAME = AppIcon;
				ASSETCATALOG_COMPILER_GLOBAL_ACCENT_COLOR_NAME = AccentColor;
				CODE_SIGN_STYLE = Automatic;
				CURRENT_PROJECT_VERSION = 1;
				DEVELOPMENT_TEAM = SLV7MTH64H;
				GENERATE_INFOPLIST_FILE = YES;
				INFOPLIST_FILE = Seoyoun/Info.plist;
				INFOPLIST_KEY_UIApplicationSupportsIndirectInputEvents = YES;
				INFOPLIST_KEY_UILaunchStoryboardName = LaunchScreen;
				INFOPLIST_KEY_UIMainStoryboardFile = Main;
				INFOPLIST_KEY_UISupportedInterfaceOrientations_iPad = "UIInterfaceOrientationPortrait UIInterfaceOrientationPortraitUpsideDown UIInterfaceOrientationLandscapeLeft UIInterfaceOrientationLandscapeRight";
				INFOPLIST_KEY_UISupportedInterfaceOrientations_iPhone = "UIInterfaceOrientationPortrait UIInterfaceOrientationLandscapeLeft UIInterfaceOrientationLandscapeRight";
				LD_RUNPATH_SEARCH_PATHS = (
					"$(inherited)",
					"@executable_path/Frameworks",
				);
				MARKETING_VERSION = 1.0;
				PRODUCT_BUNDLE_IDENTIFIER = Seoyoun.Seoyoun;
				PRODUCT_NAME = "$(TARGET_NAME)";
				SWIFT_EMIT_LOC_STRINGS = YES;
				SWIFT_VERSION = 5.0;
				TARGETED_DEVICE_FAMILY = "1,2";
			};
			name = Release;
		};
		2D2A14082AF9289D00B30E2F /* Debug */ = {
			isa = XCBuildConfiguration;
			buildSettings = {
				ALWAYS_EMBED_SWIFT_STANDARD_LIBRARIES = YES;
				BUNDLE_LOADER = "$(TEST_HOST)";
				CODE_SIGN_STYLE = Automatic;
				CURRENT_PROJECT_VERSION = 1;
				DEVELOPMENT_TEAM = SLV7MTH64H;
				GENERATE_INFOPLIST_FILE = YES;
				IPHONEOS_DEPLOYMENT_TARGET = 17.0;
				MARKETING_VERSION = 1.0;
				PRODUCT_BUNDLE_IDENTIFIER = Seoyoun.SeoyounTests;
				PRODUCT_NAME = "$(TARGET_NAME)";
				SWIFT_EMIT_LOC_STRINGS = NO;
				SWIFT_VERSION = 5.0;
				TARGETED_DEVICE_FAMILY = "1,2";
				TEST_HOST = "$(BUILT_PRODUCTS_DIR)/Seoyoun.app/$(BUNDLE_EXECUTABLE_FOLDER_PATH)/Seoyoun";
			};
			name = Debug;
		};
		2D2A14092AF9289D00B30E2F /* Release */ = {
			isa = XCBuildConfiguration;
			buildSettings = {
				ALWAYS_EMBED_SWIFT_STANDARD_LIBRARIES = YES;
				BUNDLE_LOADER = "$(TEST_HOST)";
				CODE_SIGN_STYLE = Automatic;
				CURRENT_PROJECT_VERSION = 1;
				DEVELOPMENT_TEAM = SLV7MTH64H;
				GENERATE_INFOPLIST_FILE = YES;
				IPHONEOS_DEPLOYMENT_TARGET = 17.0;
				MARKETING_VERSION = 1.0;
				PRODUCT_BUNDLE_IDENTIFIER = Seoyoun.SeoyounTests;
				PRODUCT_NAME = "$(TARGET_NAME)";
				SWIFT_EMIT_LOC_STRINGS = NO;
				SWIFT_VERSION = 5.0;
				TARGETED_DEVICE_FAMILY = "1,2";
				TEST_HOST = "$(BUILT_PRODUCTS_DIR)/Seoyoun.app/$(BUNDLE_EXECUTABLE_FOLDER_PATH)/Seoyoun";
			};
			name = Release;
		};
		2D2A140B2AF9289D00B30E2F /* Debug */ = {
			isa = XCBuildConfiguration;
			buildSettings = {
				ALWAYS_EMBED_SWIFT_STANDARD_LIBRARIES = YES;
				CODE_SIGN_STYLE = Automatic;
				CURRENT_PROJECT_VERSION = 1;
				DEVELOPMENT_TEAM = SLV7MTH64H;
				GENERATE_INFOPLIST_FILE = YES;
				MARKETING_VERSION = 1.0;
				PRODUCT_BUNDLE_IDENTIFIER = Seoyoun.SeoyounUITests;
				PRODUCT_NAME = "$(TARGET_NAME)";
				SWIFT_EMIT_LOC_STRINGS = NO;
				SWIFT_VERSION = 5.0;
				TARGETED_DEVICE_FAMILY = "1,2";
				TEST_TARGET_NAME = Seoyoun;
			};
			name = Debug;
		};
		2D2A140C2AF9289D00B30E2F /* Release */ = {
			isa = XCBuildConfiguration;
			buildSettings = {
				ALWAYS_EMBED_SWIFT_STANDARD_LIBRARIES = YES;
				CODE_SIGN_STYLE = Automatic;
				CURRENT_PROJECT_VERSION = 1;
				DEVELOPMENT_TEAM = SLV7MTH64H;
				GENERATE_INFOPLIST_FILE = YES;
				MARKETING_VERSION = 1.0;
				PRODUCT_BUNDLE_IDENTIFIER = Seoyoun.SeoyounUITests;
				PRODUCT_NAME = "$(TARGET_NAME)";
				SWIFT_EMIT_LOC_STRINGS = NO;
				SWIFT_VERSION = 5.0;
				TARGETED_DEVICE_FAMILY = "1,2";
				TEST_TARGET_NAME = Seoyoun;
			};
			name = Release;
		};
/* End XCBuildConfiguration section */

/* Begin XCConfigurationList section */
		2D2A13D52AF9289700B30E2F /* Build configuration list for PBXProject "Seoyoun" */ = {
			isa = XCConfigurationList;
			buildConfigurations = (
				2D2A14022AF9289D00B30E2F /* Debug */,
				2D2A14032AF9289D00B30E2F /* Release */,
			);
			defaultConfigurationIsVisible = 0;
			defaultConfigurationName = Release;
		};
		2D2A14042AF9289D00B30E2F /* Build configuration list for PBXNativeTarget "Seoyoun" */ = {
			isa = XCConfigurationList;
			buildConfigurations = (
				2D2A14052AF9289D00B30E2F /* Debug */,
				2D2A14062AF9289D00B30E2F /* Release */,
			);
			defaultConfigurationIsVisible = 0;
			defaultConfigurationName = Release;
		};
		2D2A14072AF9289D00B30E2F /* Build configuration list for PBXNativeTarget "SeoyounTests" */ = {
			isa = XCConfigurationList;
			buildConfigurations = (
				2D2A14082AF9289D00B30E2F /* Debug */,
				2D2A14092AF9289D00B30E2F /* Release */,
			);
			defaultConfigurationIsVisible = 0;
			defaultConfigurationName = Release;
		};
		2D2A140A2AF9289D00B30E2F /* Build configuration list for PBXNativeTarget "SeoyounUITests" */ = {
			isa = XCConfigurationList;
			buildConfigurations = (
				2D2A140B2AF9289D00B30E2F /* Debug */,
				2D2A140C2AF9289D00B30E2F /* Release */,
			);
			defaultConfigurationIsVisible = 0;
			defaultConfigurationName = Release;
		};
/* End XCConfigurationList section */

/* Begin XCRemoteSwiftPackageReference section */
		2DFBAE122AFD324D00554BE7 /* XCRemoteSwiftPackageReference "realm-swift" */ = {
			isa = XCRemoteSwiftPackageReference;
			repositoryURL = "https://github.com/realm/realm-swift.git";
			requirement = {
				branch = master;
				kind = branch;
			};
		};
/* End XCRemoteSwiftPackageReference section */

/* Begin XCSwiftPackageProductDependency section */
		2DFBAE132AFD324D00554BE7 /* Realm */ = {
			isa = XCSwiftPackageProductDependency;
			package = 2DFBAE122AFD324D00554BE7 /* XCRemoteSwiftPackageReference "realm-swift" */;
			productName = Realm;
		};
		2DFBAE152AFD324D00554BE7 /* RealmSwift */ = {
			isa = XCSwiftPackageProductDependency;
			package = 2DFBAE122AFD324D00554BE7 /* XCRemoteSwiftPackageReference "realm-swift" */;
			productName = RealmSwift;
		};
/* End XCSwiftPackageProductDependency section */
	};
	rootObject = 2D2A13D22AF9289700B30E2F /* Project object */;
}
